
Microsoft Visual Studio Solution File, Format Version 12.00
# Visual Studio Version 17
VisualStudioVersion = 17.6.33815.320
MinimumVisualStudioVersion = 10.0.40219.1
Project("{FAE04EC0-301F-11D3-BF4B-00C04F79EFBC}") = "WpfApp2", "WpfApp2\WpfApp2.csproj", "{9EB12459-8FB6-47CA-B3F9-B38B50799156}"
EndProject
Global
	GlobalSection(SolutionConfigurationPlatforms) = preSolution
		Debug|Any CPU = Debug|Any CPU
		Release|Any CPU = Release|Any CPU
	EndGlobalSection
	GlobalSection(ProjectConfigurationPlatforms) = postSolution
		{9EB12459-8FB6-47CA-B3F9-B38B50799156}.Debug|Any CPU.ActiveCfg = Debug|Any CPU
		{9EB12459-8FB6-47CA-B3F9-B38B50799156}.Debug|Any CPU.Build.0 = Debug|Any CPU
		{9EB12459-8FB6-47CA-B3F9-B38B50799156}.Release|Any CPU.ActiveCfg = Release|Any CPU
		{9EB12459-8FB6-47CA-B3F9-B38B50799156}.Release|Any CPU.Build.0 = Release|Any CPU
	EndGlobalSection
	GlobalSection(SolutionProperties) = preSolution
		HideSolutionNode = FALSE
	EndGlobalSection
	GlobalSection(ExtensibilityGlobals) = postSolution
		SolutionGuid = {5D12A4B0-CEE3-4DCC-B7F7-059C3EECC3F9}
	EndGlobalSection
EndGlobal
